{
  "name": "lianxi",
  "version": "1.0.0",
  "lockfileVersion": 2,
  "requires": true,
  "packages": {
    "": {
      "name": "lianxi",
      "version": "1.0.0",
      "license": "ISC",
      "dependencies": {
        "amfe-flexible": "^2.2.1"
      }
    },
    "node_modules/amfe-flexible": {
      "version": "2.2.1",
      "resolved": "https://registry.npmmirror.com/amfe-flexible/-/amfe-flexible-2.2.1.tgz",
      "integrity": "sha512-L2VfvDzoETBjhRptg5u/IUuzHSuxm22JpSRb404p/TBGeRfwWmmNEbB+TFPIP/sS/+pbM18bCFH9QnMojLuPNw=="
    }
  },
  "dependencies": {
    "amfe-flexible": {
      "version": "2.2.1",
      "resolved": "https://registry.npmmirror.com/amfe-flexible/-/amfe-flexible-2.2.1.tgz",
      "integrity": "sha512-L2VfvDzoETBjhRptg5u/IUuzHSuxm22JpSRb404p/TBGeRfwWmmNEbB+TFPIP/sS/+pbM18bCFH9QnMojLuPNw=="
    }
  }
}
